{
  "name": "kafka_node",
  "version": "1.0.0",
  "lockfileVersion": 2,
  "requires": true,
  "packages": {
    "": {
      "name": "kafka_node",
      "version": "1.0.0",
      "license": "MIT",
      "dependencies": {
        "@azure/msal-node": "^1.1.0",
        "kafkajs": "^1.15.0"
      }
    },
    "node_modules/@azure/msal-common": {
      "version": "4.3.0",
      "resolved": "https://parsable.jfrog.io/artifactory/api/npm/eng-npm-snapshot/@azure/msal-common/-/msal-common-4.3.0.tgz",
      "integrity": "sha1-tUDpJ0hlZyQIi/dxkuWZQ6kxNbw=",
      "license": "MIT",
      "dependencies": {
        "debug": "^4.1.1"
      },
      "engines": {
        "node": ">=0.8.0"
      }
    },
    "node_modules/@azure/msal-node": {
      "version": "1.1.0",
      "resolved": "https://parsable.jfrog.io/artifactory/api/npm/eng-npm-snapshot/@azure/msal-node/-/msal-node-1.1.0.tgz",
      "integrity": "sha1-5HLPrerRafiDIGaubC1rju9OieQ=",
      "license": "MIT",
      "dependencies": {
        "@azure/msal-common": "^4.3.0",
        "axios": "^0.21.1",
        "jsonwebtoken": "^8.5.1",
        "uuid": "^8.3.0"
      },
      "engines": {
        "node": "10 || 12 || 14 || 16"
      }
    },
    "node_modules/axios": {
      "version": "0.21.1",
      "resolved": "https://parsable.jfrog.io/artifactory/api/npm/eng-npm-snapshot/axios/-/axios-0.21.1.tgz",
      "integrity": "sha1-IlY0gZYvTWvemnbVFu8OXTwJsrg=",
      "license": "MIT",
      "dependencies": {
        "follow-redirects": "^1.10.0"
      }
    },
    "node_modules/buffer-equal-constant-time": {
      "version": "1.0.1",
      "resolved": "https://parsable.jfrog.io/artifactory/api/npm/eng-npm-snapshot/buffer-equal-constant-time/-/buffer-equal-constant-time-1.0.1.tgz",
      "integrity": "sha1-+OcRMvf/5uAaXJaXpMbz5I1cyBk=",
      "license": "BSD-3-Clause"
    },
    "node_modules/debug": {
      "version": "4.3.1",
      "resolved": "https://parsable.jfrog.io/artifactory/api/npm/eng-npm-snapshot/debug/-/debug-4.3.1.tgz",
      "integrity": "sha1-8NIpxQXgxtjEmsVT0bE9wYP2su4=",
      "license": "MIT",
      "dependencies": {
        "ms": "2.1.2"
      },
      "engines": {
        "node": ">=6.0"
      },
      "peerDependenciesMeta": {
        "supports-color": {
          "optional": true
        }
      }
    },
    "node_modules/ecdsa-sig-formatter": {
      "version": "1.0.11",
      "resolved": "https://parsable.jfrog.io/artifactory/api/npm/eng-npm-snapshot/ecdsa-sig-formatter/-/ecdsa-sig-formatter-1.0.11.tgz",
      "integrity": "sha1-rg8PothQRe8UqBfao86azQSJ5b8=",
      "license": "Apache-2.0",
      "dependencies": {
        "safe-buffer": "^5.0.1"
      }
    },
    "node_modules/follow-redirects": {
      "version": "1.14.1",
      "resolved": "https://parsable.jfrog.io/artifactory/api/npm/eng-npm-snapshot/follow-redirects/-/follow-redirects-1.14.1.tgz",
      "integrity": "sha1-2RFN7Qoc/dM04WTmZirQK/2R/0M=",
      "funding": [
        {
          "type": "individual",
          "url": "https://github.com/sponsors/RubenVerborgh"
        }
      ],
      "license": "MIT",
      "engines": {
        "node": ">=4.0"
      },
      "peerDependenciesMeta": {
        "debug": {
          "optional": true
        }
      }
    },
    "node_modules/jsonwebtoken": {
      "version": "8.5.1",
      "resolved": "https://parsable.jfrog.io/artifactory/api/npm/eng-npm-snapshot/jsonwebtoken/-/jsonwebtoken-8.5.1.tgz",
      "integrity": "sha1-AOceC431TCEhofJhN98igGc7zA0=",
      "license": "MIT",
      "dependencies": {
        "jws": "^3.2.2",
        "lodash.includes": "^4.3.0",
        "lodash.isboolean": "^3.0.3",
        "lodash.isinteger": "^4.0.4",
        "lodash.isnumber": "^3.0.3",
        "lodash.isplainobject": "^4.0.6",
        "lodash.isstring": "^4.0.1",
        "lodash.once": "^4.0.0",
        "ms": "^2.1.1",
        "semver": "^5.6.0"
      },
      "engines": {
        "node": ">=4",
        "npm": ">=1.4.28"
      }
    },
    "node_modules/jwa": {
      "version": "1.4.1",
      "resolved": "https://parsable.jfrog.io/artifactory/api/npm/eng-npm-snapshot/jwa/-/jwa-1.4.1.tgz",
      "integrity": "sha1-dDwymFy56YZVUw1TZBtmyGRbA5o=",
      "license": "MIT",
      "dependencies": {
        "buffer-equal-constant-time": "1.0.1",
        "ecdsa-sig-formatter": "1.0.11",
        "safe-buffer": "^5.0.1"
      }
    },
    "node_modules/jws": {
      "version": "3.2.2",
      "resolved": "https://parsable.jfrog.io/artifactory/api/npm/eng-npm-snapshot/jws/-/jws-3.2.2.tgz",
      "integrity": "sha1-ABCZ82OUaMlBQADpmZX6UvtHgwQ=",
      "license": "MIT",
      "dependencies": {
        "jwa": "^1.4.1",
        "safe-buffer": "^5.0.1"
      }
    },
    "node_modules/kafkajs": {
      "version": "1.15.0",
      "resolved": "https://parsable.jfrog.io/artifactory/api/npm/eng-npm-snapshot/kafkajs/-/kafkajs-1.15.0.tgz",
      "integrity": "sha1-pa2g2TPtyiFJF3OTVivm+wh17Do=",
      "license": "MIT",
      "engines": {
        "node": ">=10.13.0"
      }
    },
    "node_modules/lodash.includes": {
      "version": "4.3.0",
      "resolved": "https://parsable.jfrog.io/artifactory/api/npm/eng-npm-snapshot/lodash.includes/-/lodash.includes-4.3.0.tgz",
      "integrity": "sha1-YLuYqHy5I8aMoeUTJUgzFISfVT8=",
      "license": "MIT"
    },
    "node_modules/lodash.isboolean": {
      "version": "3.0.3",
      "resolved": "https://parsable.jfrog.io/artifactory/api/npm/eng-npm-snapshot/lodash.isboolean/-/lodash.isboolean-3.0.3.tgz",
      "integrity": "sha1-bC4XHbKiV82WgC/UOwGyDV9YcPY=",
      "license": "MIT"
    },
    "node_modules/lodash.isinteger": {
      "version": "4.0.4",
      "resolved": "https://parsable.jfrog.io/artifactory/api/npm/eng-npm-snapshot/lodash.isinteger/-/lodash.isinteger-4.0.4.tgz",
      "integrity": "sha1-YZwK89A/iwTDH1iChAt3sRzWg0M=",
      "license": "MIT"
    },
    "node_modules/lodash.isnumber": {
      "version": "3.0.3",
      "resolved": "https://parsable.jfrog.io/artifactory/api/npm/eng-npm-snapshot/lodash.isnumber/-/lodash.isnumber-3.0.3.tgz",
      "integrity": "sha1-POdoEMWSjQM1IwGsKHMX8RwLH/w=",
      "license": "MIT"
    },
    "node_modules/lodash.isplainobject": {
      "version": "4.0.6",
      "resolved": "https://parsable.jfrog.io/artifactory/api/npm/eng-npm-snapshot/lodash.isplainobject/-/lodash.isplainobject-4.0.6.tgz",
      "integrity": "sha1-fFJqUtibRcRcxpC4gWO+BJf1UMs=",
      "license": "MIT"
    },
    "node_modules/lodash.isstring": {
      "version": "4.0.1",
      "resolved": "https://parsable.jfrog.io/artifactory/api/npm/eng-npm-snapshot/lodash.isstring/-/lodash.isstring-4.0.1.tgz",
      "integrity": "sha1-1SfftUVuynzJu5XV2ur4i6VKVFE=",
      "license": "MIT"
    },
    "node_modules/lodash.once": {
      "version": "4.1.1",
      "resolved": "https://parsable.jfrog.io/artifactory/api/npm/eng-npm-snapshot/lodash.once/-/lodash.once-4.1.1.tgz",
      "integrity": "sha1-DdOXEhPHxW34gJd9UEyI+0cal6w=",
      "license": "MIT"
    },
    "node_modules/ms": {
      "version": "2.1.2",
      "resolved": "https://parsable.jfrog.io/artifactory/api/npm/eng-npm-snapshot/ms/-/ms-2.1.2.tgz",
      "integrity": "sha1-0J0fNXtEP0kzgqjrPM0YOHKuYAk=",
      "license": "MIT"
    },
    "node_modules/safe-buffer": {
      "version": "5.2.1",
      "resolved": "https://parsable.jfrog.io/artifactory/api/npm/eng-npm-snapshot/safe-buffer/-/safe-buffer-5.2.1.tgz",
      "integrity": "sha1-Hq+fqb2x/dTsdfWPnNtOa3gn7sY=",
      "funding": [
        {
          "type": "github",
          "url": "https://github.com/sponsors/feross"
        },
        {
          "type": "patreon",
          "url": "https://www.patreon.com/feross"
        },
        {
          "type": "consulting",
          "url": "https://feross.org/support"
        }
      ],
      "license": "MIT"
    },
    "node_modules/semver": {
      "version": "5.7.1",
      "resolved": "https://parsable.jfrog.io/artifactory/api/npm/eng-npm-snapshot/semver/-/semver-5.7.1.tgz",
      "integrity": "sha1-qVT5Ma66UI0we78Gnv8MAclhFvc=",
      "license": "ISC",
      "bin": {
        "semver": "bin/semver"
      }
    },
    "node_modules/uuid": {
      "version": "8.3.2",
      "resolved": "https://parsable.jfrog.io/artifactory/api/npm/eng-npm-snapshot/uuid/-/uuid-8.3.2.tgz",
      "integrity": "sha1-gNW1ztJxu5r2xEXyGhoExgbO++I=",
      "license": "MIT",
      "bin": {
        "uuid": "dist/bin/uuid"
      }
    }
  },
  "dependencies": {
    "@azure/msal-common": {
      "version": "4.3.0",
      "resolved": "https://parsable.jfrog.io/artifactory/api/npm/eng-npm-snapshot/@azure/msal-common/-/msal-common-4.3.0.tgz",
      "integrity": "sha1-tUDpJ0hlZyQIi/dxkuWZQ6kxNbw=",
      "requires": {
        "debug": "^4.1.1"
      }
    },
    "@azure/msal-node": {
      "version": "1.1.0",
      "resolved": "https://parsable.jfrog.io/artifactory/api/npm/eng-npm-snapshot/@azure/msal-node/-/msal-node-1.1.0.tgz",
      "integrity": "sha1-5HLPrerRafiDIGaubC1rju9OieQ=",
      "requires": {
        "@azure/msal-common": "^4.3.0",
        "axios": "^0.21.1",
        "jsonwebtoken": "^8.5.1",
        "uuid": "^8.3.0"
      }
    },
    "axios": {
      "version": "0.21.1",
      "resolved": "https://parsable.jfrog.io/artifactory/api/npm/eng-npm-snapshot/axios/-/axios-0.21.1.tgz",
      "integrity": "sha1-IlY0gZYvTWvemnbVFu8OXTwJsrg=",
      "requires": {
        "follow-redirects": "^1.10.0"
      }
    },
    "buffer-equal-constant-time": {
      "version": "1.0.1",
      "resolved": "https://parsable.jfrog.io/artifactory/api/npm/eng-npm-snapshot/buffer-equal-constant-time/-/buffer-equal-constant-time-1.0.1.tgz",
      "integrity": "sha1-+OcRMvf/5uAaXJaXpMbz5I1cyBk="
    },
    "debug": {
      "version": "4.3.1",
      "resolved": "https://parsable.jfrog.io/artifactory/api/npm/eng-npm-snapshot/debug/-/debug-4.3.1.tgz",
      "integrity": "sha1-8NIpxQXgxtjEmsVT0bE9wYP2su4=",
      "requires": {
        "ms": "2.1.2"
      }
    },
    "ecdsa-sig-formatter": {
      "version": "1.0.11",
      "resolved": "https://parsable.jfrog.io/artifactory/api/npm/eng-npm-snapshot/ecdsa-sig-formatter/-/ecdsa-sig-formatter-1.0.11.tgz",
      "integrity": "sha1-rg8PothQRe8UqBfao86azQSJ5b8=",
      "requires": {
        "safe-buffer": "^5.0.1"
      }
    },
    "follow-redirects": {
      "version": "1.14.1",
      "resolved": "https://parsable.jfrog.io/artifactory/api/npm/eng-npm-snapshot/follow-redirects/-/follow-redirects-1.14.1.tgz",
      "integrity": "sha1-2RFN7Qoc/dM04WTmZirQK/2R/0M="
    },
    "jsonwebtoken": {
      "version": "8.5.1",
      "resolved": "https://parsable.jfrog.io/artifactory/api/npm/eng-npm-snapshot/jsonwebtoken/-/jsonwebtoken-8.5.1.tgz",
      "integrity": "sha1-AOceC431TCEhofJhN98igGc7zA0=",
      "requires": {
        "jws": "^3.2.2",
        "lodash.includes": "^4.3.0",
        "lodash.isboolean": "^3.0.3",
        "lodash.isinteger": "^4.0.4",
        "lodash.isnumber": "^3.0.3",
        "lodash.isplainobject": "^4.0.6",
        "lodash.isstring": "^4.0.1",
        "lodash.once": "^4.0.0",
        "ms": "^2.1.1",
        "semver": "^5.6.0"
      }
    },
    "jwa": {
      "version": "1.4.1",
      "resolved": "https://parsable.jfrog.io/artifactory/api/npm/eng-npm-snapshot/jwa/-/jwa-1.4.1.tgz",
      "integrity": "sha1-dDwymFy56YZVUw1TZBtmyGRbA5o=",
      "requires": {
        "buffer-equal-constant-time": "1.0.1",
        "ecdsa-sig-formatter": "1.0.11",
        "safe-buffer": "^5.0.1"
      }
    },
    "jws": {
      "version": "3.2.2",
      "resolved": "https://parsable.jfrog.io/artifactory/api/npm/eng-npm-snapshot/jws/-/jws-3.2.2.tgz",
      "integrity": "sha1-ABCZ82OUaMlBQADpmZX6UvtHgwQ=",
      "requires": {
        "jwa": "^1.4.1",
        "safe-buffer": "^5.0.1"
      }
    },
    "kafkajs": {
      "version": "1.15.0",
      "resolved": "https://parsable.jfrog.io/artifactory/api/npm/eng-npm-snapshot/kafkajs/-/kafkajs-1.15.0.tgz",
      "integrity": "sha1-pa2g2TPtyiFJF3OTVivm+wh17Do="
    },
    "lodash.includes": {
      "version": "4.3.0",
      "resolved": "https://parsable.jfrog.io/artifactory/api/npm/eng-npm-snapshot/lodash.includes/-/lodash.includes-4.3.0.tgz",
      "integrity": "sha1-YLuYqHy5I8aMoeUTJUgzFISfVT8="
    },
    "lodash.isboolean": {
      "version": "3.0.3",
      "resolved": "https://parsable.jfrog.io/artifactory/api/npm/eng-npm-snapshot/lodash.isboolean/-/lodash.isboolean-3.0.3.tgz",
      "integrity": "sha1-bC4XHbKiV82WgC/UOwGyDV9YcPY="
    },
    "lodash.isinteger": {
      "version": "4.0.4",
      "resolved": "https://parsable.jfrog.io/artifactory/api/npm/eng-npm-snapshot/lodash.isinteger/-/lodash.isinteger-4.0.4.tgz",
      "integrity": "sha1-YZwK89A/iwTDH1iChAt3sRzWg0M="
    },
    "lodash.isnumber": {
      "version": "3.0.3",
      "resolved": "https://parsable.jfrog.io/artifactory/api/npm/eng-npm-snapshot/lodash.isnumber/-/lodash.isnumber-3.0.3.tgz",
      "integrity": "sha1-POdoEMWSjQM1IwGsKHMX8RwLH/w="
    },
    "lodash.isplainobject": {
      "version": "4.0.6",
      "resolved": "https://parsable.jfrog.io/artifactory/api/npm/eng-npm-snapshot/lodash.isplainobject/-/lodash.isplainobject-4.0.6.tgz",
      "integrity": "sha1-fFJqUtibRcRcxpC4gWO+BJf1UMs="
    },
    "lodash.isstring": {
      "version": "4.0.1",
      "resolved": "https://parsable.jfrog.io/artifactory/api/npm/eng-npm-snapshot/lodash.isstring/-/lodash.isstring-4.0.1.tgz",
      "integrity": "sha1-1SfftUVuynzJu5XV2ur4i6VKVFE="
    },
    "lodash.once": {
      "version": "4.1.1",
      "resolved": "https://parsable.jfrog.io/artifactory/api/npm/eng-npm-snapshot/lodash.once/-/lodash.once-4.1.1.tgz",
      "integrity": "sha1-DdOXEhPHxW34gJd9UEyI+0cal6w="
    },
    "ms": {
      "version": "2.1.2",
      "resolved": "https://parsable.jfrog.io/artifactory/api/npm/eng-npm-snapshot/ms/-/ms-2.1.2.tgz",
      "integrity": "sha1-0J0fNXtEP0kzgqjrPM0YOHKuYAk="
    },
    "safe-buffer": {
      "version": "5.2.1",
      "resolved": "https://parsable.jfrog.io/artifactory/api/npm/eng-npm-snapshot/safe-buffer/-/safe-buffer-5.2.1.tgz",
      "integrity": "sha1-Hq+fqb2x/dTsdfWPnNtOa3gn7sY="
    },
    "semver": {
      "version": "5.7.1",
      "resolved": "https://parsable.jfrog.io/artifactory/api/npm/eng-npm-snapshot/semver/-/semver-5.7.1.tgz",
      "integrity": "sha1-qVT5Ma66UI0we78Gnv8MAclhFvc="
    },
    "uuid": {
      "version": "8.3.2",
      "resolved": "https://parsable.jfrog.io/artifactory/api/npm/eng-npm-snapshot/uuid/-/uuid-8.3.2.tgz",
      "integrity": "sha1-gNW1ztJxu5r2xEXyGhoExgbO++I="
    }
  }
}
